// !$*UTF8*$!
{
	archiveVersion = 1;
	classes = {
	};
	objectVersion = 48;
	objects = {

/* Begin PBXBuildFile section */
		B61FC579206A4CCC00DC6681 /* tsssaverTests.swift in Sources */ = {isa = PBXBuildFile; fileRef = B61FC578206A4CCC00DC6681 /* tsssaverTests.swift */; };
		B61FC593206A4D2500DC6681 /* ECID.m in Sources */ = {isa = PBXBuildFile; fileRef = B61FC584206A4D2500DC6681 /* ECID.m */; };
		B61FC595206A4D2500DC6681 /* ViewController.swift in Sources */ = {isa = PBXBuildFile; fileRef = B61FC585206A4D2500DC6681 /* ViewController.swift */; };
		B61FC597206A4D2500DC6681 /* LaunchScreen.storyboard in Resources */ = {isa = PBXBuildFile; fileRef = B61FC586206A4D2500DC6681 /* LaunchScreen.storyboard */; };
		B61FC599206A4D2500DC6681 /* SaverError.swift in Sources */ = {isa = PBXBuildFile; fileRef = B61FC587206A4D2500DC6681 /* SaverError.swift */; };
		B61FC59B206A4D2500DC6681 /* Assets.xcassets in Resources */ = {isa = PBXBuildFile; fileRef = B61FC588206A4D2500DC6681 /* Assets.xcassets */; };
		B61FC59D206A4D2500DC6681 /* Blob.swift in Sources */ = {isa = PBXBuildFile; fileRef = B61FC589206A4D2500DC6681 /* Blob.swift */; };
		B61FC59F206A4D2500DC6681 /* CwlSysctl.swift in Sources */ = {isa = PBXBuildFile; fileRef = B61FC58A206A4D2500DC6681 /* CwlSysctl.swift */; };
		B61FC5A1206A4D2500DC6681 /* Main.storyboard in Resources */ = {isa = PBXBuildFile; fileRef = B61FC58B206A4D2500DC6681 /* Main.storyboard */; };
		B61FC5A3206A4D2500DC6681 /* ProgressHUD.swift in Sources */ = {isa = PBXBuildFile; fileRef = B61FC58C206A4D2500DC6681 /* ProgressHUD.swift */; };
		B61FC5A5206A4D2500DC6681 /* API.swift in Sources */ = {isa = PBXBuildFile; fileRef = B61FC58E206A4D2500DC6681 /* API.swift */; };
		B61FC5A7206A4D2500DC6681 /* Device.swift in Sources */ = {isa = PBXBuildFile; fileRef = B61FC58F206A4D2500DC6681 /* Device.swift */; };
		B61FC5A9206A4D2500DC6681 /* AppDelegate.swift in Sources */ = {isa = PBXBuildFile; fileRef = B61FC590206A4D2500DC6681 /* AppDelegate.swift */; };
		B61FC5AB206A4D2500DC6681 /* BlobSaver.swift in Sources */ = {isa = PBXBuildFile; fileRef = B61FC591206A4D2500DC6681 /* BlobSaver.swift */; };
		B61FC5B0206A4D9200DC6681 /* Info.plist in Resources */ = {isa = PBXBuildFile; fileRef = B61FC592206A4D2500DC6681 /* Info.plist */; };
		B61FC5C0206A4DA000DC6681 /* AppIcon20x20.png in Resources */ = {isa = PBXBuildFile; fileRef = B61FC5B2206A4DA000DC6681 /* AppIcon20x20.png */; };
		B61FC5C1206A4DA000DC6681 /* AppIcon20x20@2x.png in Resources */ = {isa = PBXBuildFile; fileRef = B61FC5B3206A4DA000DC6681 /* AppIcon20x20@2x.png */; };
		B61FC5C2206A4DA000DC6681 /* AppIcon76x76.png in Resources */ = {isa = PBXBuildFile; fileRef = B61FC5B4206A4DA000DC6681 /* AppIcon76x76.png */; };
		B61FC5C3206A4DA000DC6681 /* AppIcon20x20@3x.png in Resources */ = {isa = PBXBuildFile; fileRef = B61FC5B5206A4DA000DC6681 /* AppIcon20x20@3x.png */; };
		B61FC5C4206A4DA000DC6681 /* AppIcon29x29.png in Resources */ = {isa = PBXBuildFile; fileRef = B61FC5B6206A4DA000DC6681 /* AppIcon29x29.png */; };
		B61FC5C5206A4DA000DC6681 /* AppIcon60x60@2x.png in Resources */ = {isa = PBXBuildFile; fileRef = B61FC5B7206A4DA000DC6681 /* AppIcon60x60@2x.png */; };
		B61FC5C6206A4DA000DC6681 /* AppIcon29x29@2x.png in Resources */ = {isa = PBXBuildFile; fileRef = B61FC5B8206A4DA000DC6681 /* AppIcon29x29@2x.png */; };
		B61FC5C7206A4DA000DC6681 /* AppIcon40x40@3x.png in Resources */ = {isa = PBXBuildFile; fileRef = B61FC5B9206A4DA000DC6681 /* AppIcon40x40@3x.png */; };
		B61FC5C8206A4DA000DC6681 /* AppIcon40x40@2x.png in Resources */ = {isa = PBXBuildFile; fileRef = B61FC5BA206A4DA000DC6681 /* AppIcon40x40@2x.png */; };
		B61FC5C9206A4DA000DC6681 /* AppIcon29x29@3x.png in Resources */ = {isa = PBXBuildFile; fileRef = B61FC5BB206A4DA000DC6681 /* AppIcon29x29@3x.png */; };
		B61FC5CA206A4DA000DC6681 /* AppIcon60x60@3x.png in Resources */ = {isa = PBXBuildFile; fileRef = B61FC5BC206A4DA000DC6681 /* AppIcon60x60@3x.png */; };
		B61FC5CB206A4DA000DC6681 /* AppIcon76x76@2x.png in Resources */ = {isa = PBXBuildFile; fileRef = B61FC5BD206A4DA000DC6681 /* AppIcon76x76@2x.png */; };
		B61FC5CC206A4DA000DC6681 /* Info.plist in Resources */ = {isa = PBXBuildFile; fileRef = B61FC5BE206A4DA000DC6681 /* Info.plist */; };
		B61FC5CD206A4DA000DC6681 /* AppIcon40x40.png in Resources */ = {isa = PBXBuildFile; fileRef = B61FC5BF206A4DA000DC6681 /* AppIcon40x40.png */; };
		B6957340206A564B000A906D /* IOKit.framework in Frameworks */ = {isa = PBXBuildFile; fileRef = B6957337206A5401000A906D /* IOKit.framework */; };
/* End PBXBuildFile section */

/* Begin PBXContainerItemProxy section */
		B61FC575206A4CCC00DC6681 /* PBXContainerItemProxy */ = {
			isa = PBXContainerItemProxy;
			containerPortal = B61FC558206A4CCB00DC6681 /* Project object */;
			proxyType = 1;
			remoteGlobalIDString = B61FC55F206A4CCB00DC6681;
			remoteInfo = tsssaver;
		};
/* End PBXContainerItemProxy section */

/* Begin PBXFileReference section */
		B61FC560206A4CCB00DC6681 /* tsssaver.app */ = {isa = PBXFileReference; explicitFileType = wrapper.application; includeInIndex = 0; path = tsssaver.app; sourceTree = BUILT_PRODUCTS_DIR; };
		B61FC574206A4CCC00DC6681 /* tsssaverTests.xctest */ = {isa = PBXFileReference; explicitFileType = wrapper.cfbundle; includeInIndex = 0; path = tsssaverTests.xctest; sourceTree = BUILT_PRODUCTS_DIR; };
		B61FC578206A4CCC00DC6681 /* tsssaverTests.swift */ = {isa = PBXFileReference; lastKnownFileType = sourcecode.swift; path = tsssaverTests.swift; sourceTree = "<group>"; };
		B61FC57A206A4CCC00DC6681 /* Info.plist */ = {isa = PBXFileReference; lastKnownFileType = text.plist.xml; path = Info.plist; sourceTree = "<group>"; };
		B61FC584206A4D2500DC6681 /* ECID.m */ = {isa = PBXFileReference; fileEncoding = 4; lastKnownFileType = sourcecode.c.objc; path = ECID.m; sourceTree = "<group>"; };
		B61FC585206A4D2500DC6681 /* ViewController.swift */ = {isa = PBXFileReference; fileEncoding = 4; lastKnownFileType = sourcecode.swift; path = ViewController.swift; sourceTree = "<group>"; };
		B61FC586206A4D2500DC6681 /* LaunchScreen.storyboard */ = {isa = PBXFileReference; fileEncoding = 4; lastKnownFileType = file.storyboard; path = LaunchScreen.storyboard; sourceTree = "<group>"; };
		B61FC587206A4D2500DC6681 /* SaverError.swift */ = {isa = PBXFileReference; fileEncoding = 4; lastKnownFileType = sourcecode.swift; path = SaverError.swift; sourceTree = "<group>"; };
		B61FC588206A4D2500DC6681 /* Assets.xcassets */ = {isa = PBXFileReference; lastKnownFileType = folder.assetcatalog; path = Assets.xcassets; sourceTree = "<group>"; };
		B61FC589206A4D2500DC6681 /* Blob.swift */ = {isa = PBXFileReference; fileEncoding = 4; lastKnownFileType = sourcecode.swift; path = Blob.swift; sourceTree = "<group>"; };
		B61FC58A206A4D2500DC6681 /* CwlSysctl.swift */ = {isa = PBXFileReference; fileEncoding = 4; lastKnownFileType = sourcecode.swift; path = CwlSysctl.swift; sourceTree = "<group>"; };
		B61FC58B206A4D2500DC6681 /* Main.storyboard */ = {isa = PBXFileReference; fileEncoding = 4; lastKnownFileType = file.storyboard; path = Main.storyboard; sourceTree = "<group>"; };
		B61FC58C206A4D2500DC6681 /* ProgressHUD.swift */ = {isa = PBXFileReference; fileEncoding = 4; lastKnownFileType = sourcecode.swift; path = ProgressHUD.swift; sourceTree = "<group>"; };
		B61FC58D206A4D2500DC6681 /* TSSsaver-Bridging-Header.h */ = {isa = PBXFileReference; fileEncoding = 4; lastKnownFileType = sourcecode.c.h; path = "TSSsaver-Bridging-Header.h"; sourceTree = "<group>"; };
		B61FC58E206A4D2500DC6681 /* API.swift */ = {isa = PBXFileReference; fileEncoding = 4; lastKnownFileType = sourcecode.swift; path = API.swift; sourceTree = "<group>"; };
		B61FC58F206A4D2500DC6681 /* Device.swift */ = {isa = PBXFileReference; fileEncoding = 4; lastKnownFileType = sourcecode.swift; path = Device.swift; sourceTree = "<group>"; };
		B61FC590206A4D2500DC6681 /* AppDelegate.swift */ = {isa = PBXFileReference; fileEncoding = 4; lastKnownFileType = sourcecode.swift; path = AppDelegate.swift; sourceTree = "<group>"; };
		B61FC591206A4D2500DC6681 /* BlobSaver.swift */ = {isa = PBXFileReference; fileEncoding = 4; lastKnownFileType = sourcecode.swift; path = BlobSaver.swift; sourceTree = "<group>"; };
		B61FC592206A4D2500DC6681 /* Info.plist */ = {isa = PBXFileReference; fileEncoding = 4; lastKnownFileType = text.plist.xml; path = Info.plist; sourceTree = "<group>"; };
		B61FC5B2206A4DA000DC6681 /* AppIcon20x20.png */ = {isa = PBXFileReference; lastKnownFileType = image.png; path = AppIcon20x20.png; sourceTree = "<group>"; };
		B61FC5B3206A4DA000DC6681 /* AppIcon20x20@2x.png */ = {isa = PBXFileReference; lastKnownFileType = image.png; path = "AppIcon20x20@2x.png"; sourceTree = "<group>"; };
		B61FC5B4206A4DA000DC6681 /* AppIcon76x76.png */ = {isa = PBXFileReference; lastKnownFileType = image.png; path = AppIcon76x76.png; sourceTree = "<group>"; };
		B61FC5B5206A4DA000DC6681 /* AppIcon20x20@3x.png */ = {isa = PBXFileReference; lastKnownFileType = image.png; path = "AppIcon20x20@3x.png"; sourceTree = "<group>"; };
		B61FC5B6206A4DA000DC6681 /* AppIcon29x29.png */ = {isa = PBXFileReference; lastKnownFileType = image.png; path = AppIcon29x29.png; sourceTree = "<group>"; };
		B61FC5B7206A4DA000DC6681 /* AppIcon60x60@2x.png */ = {isa = PBXFileReference; lastKnownFileType = image.png; path = "AppIcon60x60@2x.png"; sourceTree = "<group>"; };
		B61FC5B8206A4DA000DC6681 /* AppIcon29x29@2x.png */ = {isa = PBXFileReference; lastKnownFileType = image.png; path = "AppIcon29x29@2x.png"; sourceTree = "<group>"; };
		B61FC5B9206A4DA000DC6681 /* AppIcon40x40@3x.png */ = {isa = PBXFileReference; lastKnownFileType = image.png; path = "AppIcon40x40@3x.png"; sourceTree = "<group>"; };
		B61FC5BA206A4DA000DC6681 /* AppIcon40x40@2x.png */ = {isa = PBXFileReference; lastKnownFileType = image.png; path = "AppIcon40x40@2x.png"; sourceTree = "<group>"; };
		B61FC5BB206A4DA000DC6681 /* AppIcon29x29@3x.png */ = {isa = PBXFileReference; lastKnownFileType = image.png; path = "AppIcon29x29@3x.png"; sourceTree = "<group>"; };
		B61FC5BC206A4DA000DC6681 /* AppIcon60x60@3x.png */ = {isa = PBXFileReference; lastKnownFileType = image.png; path = "AppIcon60x60@3x.png"; sourceTree = "<group>"; };
		B61FC5BD206A4DA000DC6681 /* AppIcon76x76@2x.png */ = {isa = PBXFileReference; lastKnownFileType = image.png; path = "AppIcon76x76@2x.png"; sourceTree = "<group>"; };
		B61FC5BE206A4DA000DC6681 /* Info.plist */ = {isa = PBXFileReference; fileEncoding = 4; lastKnownFileType = text.plist.xml; path = Info.plist; sourceTree = "<group>"; };
		B61FC5BF206A4DA000DC6681 /* AppIcon40x40.png */ = {isa = PBXFileReference; lastKnownFileType = image.png; path = AppIcon40x40.png; sourceTree = "<group>"; };
		B61FC5CE206A4DB400DC6681 /* Makefile */ = {isa = PBXFileReference; fileEncoding = 4; lastKnownFileType = sourcecode.make; path = Makefile; sourceTree = "<group>"; };
		B61FC5D2206A4DC400DC6681 /* postinst */ = {isa = PBXFileReference; lastKnownFileType = text.script.sh; path = postinst; sourceTree = "<group>"; };
		B61FC5D3206A4DC400DC6681 /* control */ = {isa = PBXFileReference; lastKnownFileType = text; path = control; sourceTree = "<group>"; };
		B61FC5D4206A4DC500DC6681 /* Entitlements.xml */ = {isa = PBXFileReference; lastKnownFileType = text.xml; path = Entitlements.xml; sourceTree = "<group>"; };
		B61FC5D5206A4DD900DC6681 /* LICENSE */ = {isa = PBXFileReference; lastKnownFileType = text; path = LICENSE; sourceTree = "<group>"; };
		B61FC5D6206A4DD900DC6681 /* README.md */ = {isa = PBXFileReference; lastKnownFileType = net.daringfireball.markdown; path = README.md; sourceTree = "<group>"; };
		B6957337206A5401000A906D /* IOKit.framework */ = {isa = PBXFileReference; lastKnownFileType = wrapper.framework; name = IOKit.framework; path = Platforms/iPhoneOS.platform/Developer/SDKs/iPhoneOS.sdk/System/Library/Frameworks/IOKit.framework; sourceTree = DEVELOPER_DIR; };
		B695733A206A5555000A906D /* IOTypes.h */ = {isa = PBXFileReference; fileEncoding = 4; lastKnownFileType = sourcecode.c.h; path = IOTypes.h; sourceTree = "<group>"; };
		B695733B206A5555000A906D /* iokitmig.h */ = {isa = PBXFileReference; fileEncoding = 4; lastKnownFileType = sourcecode.c.h; path = iokitmig.h; sourceTree = "<group>"; };
		B695733C206A5555000A906D /* IOKitKeys.h */ = {isa = PBXFileReference; fileEncoding = 4; lastKnownFileType = sourcecode.c.h; path = IOKitKeys.h; sourceTree = "<group>"; };
		B695733D206A5555000A906D /* IOReturn.h */ = {isa = PBXFileReference; fileEncoding = 4; lastKnownFileType = sourcecode.c.h; path = IOReturn.h; sourceTree = "<group>"; };
		B695733E206A5555000A906D /* OSMessageNotification.h */ = {isa = PBXFileReference; fileEncoding = 4; lastKnownFileType = sourcecode.c.h; path = OSMessageNotification.h; sourceTree = "<group>"; };
		B695733F206A5555000A906D /* IOKitLib.h */ = {isa = PBXFileReference; fileEncoding = 4; lastKnownFileType = sourcecode.c.h; path = IOKitLib.h; sourceTree = "<group>"; };
/* End PBXFileReference section */

/* Begin PBXFrameworksBuildPhase section */
		B61FC55D206A4CCB00DC6681 /* Frameworks */ = {
			isa = PBXFrameworksBuildPhase;
			buildActionMask = 2147483647;
			files = (
				B6957340206A564B000A906D /* IOKit.framework in Frameworks */,
			);
			runOnlyForDeploymentPostprocessing = 0;
		};
		B61FC571206A4CCC00DC6681 /* Frameworks */ = {
			isa = PBXFrameworksBuildPhase;
			buildActionMask = 2147483647;
			files = (
			);
			runOnlyForDeploymentPostprocessing = 0;
		};
/* End PBXFrameworksBuildPhase section */

/* Begin PBXGroup section */
		B61FC557206A4CCB00DC6681 = {
			isa = PBXGroup;
			children = (
				B6957339206A5555000A906D /* IOKit */,
				B61FC5D5206A4DD900DC6681 /* LICENSE */,
				B61FC5D6206A4DD900DC6681 /* README.md */,
				B61FC5D4206A4DC500DC6681 /* Entitlements.xml */,
				B61FC5D0206A4DC400DC6681 /* layout */,
				B61FC5CE206A4DB400DC6681 /* Makefile */,
				B61FC5B1206A4DA000DC6681 /* Resources */,
				B61FC583206A4D2500DC6681 /* src */,
				B61FC577206A4CCC00DC6681 /* tsssaverTests */,
				B61FC561206A4CCB00DC6681 /* Products */,
				B6957336206A5400000A906D /* Frameworks */,
			);
			sourceTree = "<group>";
		};
		B61FC561206A4CCB00DC6681 /* Products */ = {
			isa = PBXGroup;
			children = (
				B61FC560206A4CCB00DC6681 /* tsssaver.app */,
				B61FC574206A4CCC00DC6681 /* tsssaverTests.xctest */,
			);
			name = Products;
			sourceTree = "<group>";
		};
		B61FC577206A4CCC00DC6681 /* tsssaverTests */ = {
			isa = PBXGroup;
			children = (
				B61FC578206A4CCC00DC6681 /* tsssaverTests.swift */,
				B61FC57A206A4CCC00DC6681 /* Info.plist */,
			);
			path = tsssaverTests;
			sourceTree = "<group>";
		};
		B61FC583206A4D2500DC6681 /* src */ = {
			isa = PBXGroup;
			children = (
				B61FC584206A4D2500DC6681 /* ECID.m */,
				B61FC585206A4D2500DC6681 /* ViewController.swift */,
				B61FC586206A4D2500DC6681 /* LaunchScreen.storyboard */,
				B61FC587206A4D2500DC6681 /* SaverError.swift */,
				B61FC588206A4D2500DC6681 /* Assets.xcassets */,
				B61FC589206A4D2500DC6681 /* Blob.swift */,
				B61FC58A206A4D2500DC6681 /* CwlSysctl.swift */,
				B61FC58B206A4D2500DC6681 /* Main.storyboard */,
				B61FC58C206A4D2500DC6681 /* ProgressHUD.swift */,
				B61FC58D206A4D2500DC6681 /* TSSsaver-Bridging-Header.h */,
				B61FC58E206A4D2500DC6681 /* API.swift */,
				B61FC58F206A4D2500DC6681 /* Device.swift */,
				B61FC590206A4D2500DC6681 /* AppDelegate.swift */,
				B61FC591206A4D2500DC6681 /* BlobSaver.swift */,
				B61FC592206A4D2500DC6681 /* Info.plist */,
			);
			path = src;
			sourceTree = "<group>";
		};
		B61FC5B1206A4DA000DC6681 /* Resources */ = {
			isa = PBXGroup;
			children = (
				B61FC5B2206A4DA000DC6681 /* AppIcon20x20.png */,
				B61FC5B3206A4DA000DC6681 /* AppIcon20x20@2x.png */,
				B61FC5B4206A4DA000DC6681 /* AppIcon76x76.png */,
				B61FC5B5206A4DA000DC6681 /* AppIcon20x20@3x.png */,
				B61FC5B6206A4DA000DC6681 /* AppIcon29x29.png */,
				B61FC5B7206A4DA000DC6681 /* AppIcon60x60@2x.png */,
				B61FC5B8206A4DA000DC6681 /* AppIcon29x29@2x.png */,
				B61FC5B9206A4DA000DC6681 /* AppIcon40x40@3x.png */,
				B61FC5BA206A4DA000DC6681 /* AppIcon40x40@2x.png */,
				B61FC5BB206A4DA000DC6681 /* AppIcon29x29@3x.png */,
				B61FC5BC206A4DA000DC6681 /* AppIcon60x60@3x.png */,
				B61FC5BD206A4DA000DC6681 /* AppIcon76x76@2x.png */,
				B61FC5BE206A4DA000DC6681 /* Info.plist */,
				B61FC5BF206A4DA000DC6681 /* AppIcon40x40.png */,
			);
			path = Resources;
			sourceTree = "<group>";
		};
		B61FC5D0206A4DC400DC6681 /* layout */ = {
			isa = PBXGroup;
			children = (
				B61FC5D1206A4DC400DC6681 /* DEBIAN */,
			);
			path = layout;
			sourceTree = "<group>";
		};
		B61FC5D1206A4DC400DC6681 /* DEBIAN */ = {
			isa = PBXGroup;
			children = (
				B61FC5D2206A4DC400DC6681 /* postinst */,
				B61FC5D3206A4DC400DC6681 /* control */,
			);
			path = DEBIAN;
			sourceTree = "<group>";
		};
		B6957336206A5400000A906D /* Frameworks */ = {
			isa = PBXGroup;
			children = (
				B6957337206A5401000A906D /* IOKit.framework */,
			);
			name = Frameworks;
			sourceTree = "<group>";
		};
		B6957339206A5555000A906D /* IOKit */ = {
			isa = PBXGroup;
			children = (
				B695733A206A5555000A906D /* IOTypes.h */,
				B695733B206A5555000A906D /* iokitmig.h */,
				B695733C206A5555000A906D /* IOKitKeys.h */,
				B695733D206A5555000A906D /* IOReturn.h */,
				B695733E206A5555000A906D /* OSMessageNotification.h */,
				B695733F206A5555000A906D /* IOKitLib.h */,
			);
			path = IOKit;
			sourceTree = "<group>";
		};
/* End PBXGroup section */

/* Begin PBXNativeTarget section */
		B61FC55F206A4CCB00DC6681 /* tsssaver */ = {
			isa = PBXNativeTarget;
			buildConfigurationList = B61FC57D206A4CCC00DC6681 /* Build configuration list for PBXNativeTarget "tsssaver" */;
			buildPhases = (
				B61FC55C206A4CCB00DC6681 /* Sources */,
				B61FC55D206A4CCB00DC6681 /* Frameworks */,
				B61FC55E206A4CCB00DC6681 /* Resources */,
			);
			buildRules = (
			);
			dependencies = (
			);
			name = tsssaver;
			productName = tsssaver;
			productReference = B61FC560206A4CCB00DC6681 /* tsssaver.app */;
			productType = "com.apple.product-type.application";
		};
		B61FC573206A4CCC00DC6681 /* tsssaverTests */ = {
			isa = PBXNativeTarget;
			buildConfigurationList = B61FC580206A4CCC00DC6681 /* Build configuration list for PBXNativeTarget "tsssaverTests" */;
			buildPhases = (
				B61FC570206A4CCC00DC6681 /* Sources */,
				B61FC571206A4CCC00DC6681 /* Frameworks */,
				B61FC572206A4CCC00DC6681 /* Resources */,
			);
			buildRules = (
			);
			dependencies = (
				B61FC576206A4CCC00DC6681 /* PBXTargetDependency */,
			);
			name = tsssaverTests;
			productName = tsssaverTests;
			productReference = B61FC574206A4CCC00DC6681 /* tsssaverTests.xctest */;
			productType = "com.apple.product-type.bundle.unit-test";
		};
/* End PBXNativeTarget section */

/* Begin PBXProject section */
		B61FC558206A4CCB00DC6681 /* Project object */ = {
			isa = PBXProject;
			attributes = {
				LastSwiftUpdateCheck = 0920;
				LastUpgradeCheck = 0920;
				ORGANIZATIONNAME = xuanliu;
				TargetAttributes = {
					B61FC55F206A4CCB00DC6681 = {
						CreatedOnToolsVersion = 9.2;
						ProvisioningStyle = Automatic;
					};
					B61FC573206A4CCC00DC6681 = {
						CreatedOnToolsVersion = 9.2;
						ProvisioningStyle = Automatic;
						TestTargetID = B61FC55F206A4CCB00DC6681;
					};
				};
			};
			buildConfigurationList = B61FC55B206A4CCB00DC6681 /* Build configuration list for PBXProject "tsssaver" */;
			compatibilityVersion = "Xcode 8.0";
			developmentRegion = en;
			hasScannedForEncodings = 0;
			knownRegions = (
				en,
				Base,
			);
			mainGroup = B61FC557206A4CCB00DC6681;
			productRefGroup = B61FC561206A4CCB00DC6681 /* Products */;
			projectDirPath = "";
			projectRoot = "";
			targets = (
				B61FC55F206A4CCB00DC6681 /* tsssaver */,
				B61FC573206A4CCC00DC6681 /* tsssaverTests */,
			);
		};
/* End PBXProject section */

/* Begin PBXResourcesBuildPhase section */
		B61FC55E206A4CCB00DC6681 /* Resources */ = {
			isa = PBXResourcesBuildPhase;
			buildActionMask = 2147483647;
			files = (
				B61FC5C5206A4DA000DC6681 /* AppIcon60x60@2x.png in Resources */,
				B61FC5CD206A4DA000DC6681 /* AppIcon40x40.png in Resources */,
				B61FC5B0206A4D9200DC6681 /* Info.plist in Resources */,
				B61FC5A1206A4D2500DC6681 /* Main.storyboard in Resources */,
				B61FC5C4206A4DA000DC6681 /* AppIcon29x29.png in Resources */,
				B61FC5C2206A4DA000DC6681 /* AppIcon76x76.png in Resources */,
				B61FC5C9206A4DA000DC6681 /* AppIcon29x29@3x.png in Resources */,
				B61FC59B206A4D2500DC6681 /* Assets.xcassets in Resources */,
				B61FC5C8206A4DA000DC6681 /* AppIcon40x40@2x.png in Resources */,
				B61FC597206A4D2500DC6681 /* LaunchScreen.storyboard in Resources */,
				B61FC5C1206A4DA000DC6681 /* AppIcon20x20@2x.png in Resources */,
				B61FC5CC206A4DA000DC6681 /* Info.plist in Resources */,
				B61FC5C0206A4DA000DC6681 /* AppIcon20x20.png in Resources */,
				B61FC5C6206A4DA000DC6681 /* AppIcon29x29@2x.png in Resources */,
				B61FC5CB206A4DA000DC6681 /* AppIcon76x76@2x.png in Resources */,
				B61FC5C3206A4DA000DC6681 /* AppIcon20x20@3x.png in Resources */,
				B61FC5CA206A4DA000DC6681 /* AppIcon60x60@3x.png in Resources */,
				B61FC5C7206A4DA000DC6681 /* AppIcon40x40@3x.png in Resources */,
			);
			runOnlyForDeploymentPostprocessing = 0;
		};
		B61FC572206A4CCC00DC6681 /* Resources */ = {
			isa = PBXResourcesBuildPhase;
			buildActionMask = 2147483647;
			files = (
			);
			runOnlyForDeploymentPostprocessing = 0;
		};
/* End PBXResourcesBuildPhase section */

/* Begin PBXSourcesBuildPhase section */
		B61FC55C206A4CCB00DC6681 /* Sources */ = {
			isa = PBXSourcesBuildPhase;
			buildActionMask = 2147483647;
			files = (
				B61FC59D206A4D2500DC6681 /* Blob.swift in Sources */,
				B61FC595206A4D2500DC6681 /* ViewController.swift in Sources */,
				B61FC5A3206A4D2500DC6681 /* ProgressHUD.swift in Sources */,
				B61FC5A9206A4D2500DC6681 /* AppDelegate.swift in Sources */,
				B61FC59F206A4D2500DC6681 /* CwlSysctl.swift in Sources */,
				B61FC593206A4D2500DC6681 /* ECID.m in Sources */,
				B61FC599206A4D2500DC6681 /* SaverError.swift in Sources */,
				B61FC5A5206A4D2500DC6681 /* API.swift in Sources */,
				B61FC5AB206A4D2500DC6681 /* BlobSaver.swift in Sources */,
				B61FC5A7206A4D2500DC6681 /* Device.swift in Sources */,
			);
			runOnlyForDeploymentPostprocessing = 0;
		};
		B61FC570206A4CCC00DC6681 /* Sources */ = {
			isa = PBXSourcesBuildPhase;
			buildActionMask = 2147483647;
			files = (
				B61FC579206A4CCC00DC6681 /* tsssaverTests.swift in Sources */,
			);
			runOnlyForDeploymentPostprocessing = 0;
		};
/* End PBXSourcesBuildPhase section */

/* Begin PBXTargetDependency section */
		B61FC576206A4CCC00DC6681 /* PBXTargetDependency */ = {
			isa = PBXTargetDependency;
			target = B61FC55F206A4CCB00DC6681 /* tsssaver */;
			targetProxy = B61FC575206A4CCC00DC6681 /* PBXContainerItemProxy */;
		};
/* End PBXTargetDependency section */

/* Begin XCBuildConfiguration section */
		B61FC57B206A4CCC00DC6681 /* Debug */ = {
			isa = XCBuildConfiguration;
			buildSettings = {
				ALWAYS_SEARCH_USER_PATHS = NO;
				CLANG_ANALYZER_NONNULL = YES;
				CLANG_ANALYZER_NUMBER_OBJECT_CONVERSION = YES_AGGRESSIVE;
				CLANG_CXX_LANGUAGE_STANDARD = "gnu++14";
				CLANG_CXX_LIBRARY = "libc++";
				CLANG_ENABLE_MODULES = YES;
				CLANG_ENABLE_OBJC_ARC = YES;
				CLANG_WARN_BLOCK_CAPTURE_AUTORELEASING = YES;
				CLANG_WARN_BOOL_CONVERSION = YES;
				CLANG_WARN_COMMA = YES;
				CLANG_WARN_CONSTANT_CONVERSION = YES;
				CLANG_WARN_DIRECT_OBJC_ISA_USAGE = YES_ERROR;
				CLANG_WARN_DOCUMENTATION_COMMENTS = YES;
				CLANG_WARN_EMPTY_BODY = YES;
				CLANG_WARN_ENUM_CONVERSION = YES;
				CLANG_WARN_INFINITE_RECURSION = YES;
				CLANG_WARN_INT_CONVERSION = YES;
				CLANG_WARN_NON_LITERAL_NULL_CONVERSION = YES;
				CLANG_WARN_OBJC_LITERAL_CONVERSION = YES;
				CLANG_WARN_OBJC_ROOT_CLASS = YES_ERROR;
				CLANG_WARN_RANGE_LOOP_ANALYSIS = YES;
				CLANG_WARN_STRICT_PROTOTYPES = YES;
				CLANG_WARN_SUSPICIOUS_MOVE = YES;
				CLANG_WARN_UNGUARDED_AVAILABILITY = YES_AGGRESSIVE;
				CLANG_WARN_UNREACHABLE_CODE = YES;
				CLANG_WARN__DUPLICATE_METHOD_MATCH = YES;
				CODE_SIGN_IDENTITY = "iPhone Developer";
				COPY_PHASE_STRIP = NO;
				DEBUG_INFORMATION_FORMAT = dwarf;
				ENABLE_STRICT_OBJC_MSGSEND = YES;
				ENABLE_TESTABILITY = YES;
				GCC_C_LANGUAGE_STANDARD = gnu11;
				GCC_DYNAMIC_NO_PIC = NO;
				GCC_NO_COMMON_BLOCKS = YES;
				GCC_OPTIMIZATION_LEVEL = 0;
				GCC_PREPROCESSOR_DEFINITIONS = (
					"DEBUG=1",
					"$(inherited)",
				);
				GCC_WARN_64_TO_32_BIT_CONVERSION = YES;
				GCC_WARN_ABOUT_RETURN_TYPE = YES_ERROR;
				GCC_WARN_UNDECLARED_SELECTOR = YES;
				GCC_WARN_UNINITIALIZED_AUTOS = YES_AGGRESSIVE;
				GCC_WARN_UNUSED_FUNCTION = YES;
				GCC_WARN_UNUSED_VARIABLE = YES;
				IPHONEOS_DEPLOYMENT_TARGET = 11.2;
				MTL_ENABLE_DEBUG_INFO = YES;
				ONLY_ACTIVE_ARCH = YES;
				SDKROOT = iphoneos;
				SWIFT_ACTIVE_COMPILATION_CONDITIONS = DEBUG;
				SWIFT_OPTIMIZATION_LEVEL = "-Onone";
			};
			name = Debug;
		};
		B61FC57C206A4CCC00DC6681 /* Release */ = {
			isa = XCBuildConfiguration;
			buildSettings = {
				ALWAYS_SEARCH_USER_PATHS = NO;
				CLANG_ANALYZER_NONNULL = YES;
				CLANG_ANALYZER_NUMBER_OBJECT_CONVERSION = YES_AGGRESSIVE;
				CLANG_CXX_LANGUAGE_STANDARD = "gnu++14";
				CLANG_CXX_LIBRARY = "libc++";
				CLANG_ENABLE_MODULES = YES;
				CLANG_ENABLE_OBJC_ARC = YES;
				CLANG_WARN_BLOCK_CAPTURE_AUTORELEASING = YES;
				CLANG_WARN_BOOL_CONVERSION = YES;
				CLANG_WARN_COMMA = YES;
				CLANG_WARN_CONSTANT_CONVERSION = YES;
				CLANG_WARN_DIRECT_OBJC_ISA_USAGE = YES_ERROR;
				CLANG_WARN_DOCUMENTATION_COMMENTS = YES;
				CLANG_WARN_EMPTY_BODY = YES;
				CLANG_WARN_ENUM_CONVERSION = YES;
				CLANG_WARN_INFINITE_RECURSION = YES;
				CLANG_WARN_INT_CONVERSION = YES;
				CLANG_WARN_NON_LITERAL_NULL_CONVERSION = YES;
				CLANG_WARN_OBJC_LITERAL_CONVERSION = YES;
				CLANG_WARN_OBJC_ROOT_CLASS = YES_ERROR;
				CLANG_WARN_RANGE_LOOP_ANALYSIS = YES;
				CLANG_WARN_STRICT_PROTOTYPES = YES;
				CLANG_WARN_SUSPICIOUS_MOVE = YES;
				CLANG_WARN_UNGUARDED_AVAILABILITY = YES_AGGRESSIVE;
				CLANG_WARN_UNREACHABLE_CODE = YES;
				CLANG_WARN__DUPLICATE_METHOD_MATCH = YES;
				CODE_SIGN_IDENTITY = "iPhone Developer";
				COPY_PHASE_STRIP = NO;
				DEBUG_INFORMATION_FORMAT = "dwarf-with-dsym";
				ENABLE_NS_ASSERTIONS = NO;
				ENABLE_STRICT_OBJC_MSGSEND = YES;
				GCC_C_LANGUAGE_STANDARD = gnu11;
				GCC_NO_COMMON_BLOCKS = YES;
				GCC_WARN_64_TO_32_BIT_CONVERSION = YES;
				GCC_WARN_ABOUT_RETURN_TYPE = YES_ERROR;
				GCC_WARN_UNDECLARED_SELECTOR = YES;
				GCC_WARN_UNINITIALIZED_AUTOS = YES_AGGRESSIVE;
				GCC_WARN_UNUSED_FUNCTION = YES;
				GCC_WARN_UNUSED_VARIABLE = YES;
				IPHONEOS_DEPLOYMENT_TARGET = 11.2;
				MTL_ENABLE_DEBUG_INFO = NO;
				SDKROOT = iphoneos;
				SWIFT_OPTIMIZATION_LEVEL = "-Owholemodule";
				VALIDATE_PRODUCT = YES;
			};
			name = Release;
		};
		B61FC57E206A4CCC00DC6681 /* Debug */ = {
			isa = XCBuildConfiguration;
			buildSettings = {
				ASSETCATALOG_COMPILER_APPICON_NAME = AppIcon;
				CODE_SIGN_ENTITLEMENTS = "";
				CODE_SIGN_IDENTITY = "iPhone Developer";
				CODE_SIGN_STYLE = Automatic;
				DEVELOPMENT_TEAM = HSX93Q5QCS;
				HEADER_SEARCH_PATHS = "$(SRCROOT)/";
				INFOPLIST_FILE = "$(SRCROOT)/src/Info.plist";
				IPHONEOS_DEPLOYMENT_TARGET = 9.0;
				LD_RUNPATH_SEARCH_PATHS = "$(inherited) @executable_path/Frameworks";
				PRODUCT_BUNDLE_IDENTIFIER = com.xuanliu.tsssaver;
				PRODUCT_NAME = "$(TARGET_NAME)";
				PROVISIONING_PROFILE_SPECIFIER = "";
				SWIFT_OBJC_BRIDGING_HEADER = "$(SRCROOT)/src/TSSsaver-Bridging-Header.h";
				SWIFT_VERSION = 4.0;
				TARGETED_DEVICE_FAMILY = "1,2";
			};
			name = Debug;
		};
		B61FC57F206A4CCC00DC6681 /* Release */ = {
			isa = XCBuildConfiguration;
			buildSettings = {
				ASSETCATALOG_COMPILER_APPICON_NAME = AppIcon;
				CODE_SIGN_ENTITLEMENTS = "";
				CODE_SIGN_IDENTITY = "iPhone Developer";
				CODE_SIGN_STYLE = Automatic;
				DEVELOPMENT_TEAM = HSX93Q5QCS;
				HEADER_SEARCH_PATHS = "$(SRCROOT)/";
				INFOPLIST_FILE = "$(SRCROOT)/src/Info.plist";
				IPHONEOS_DEPLOYMENT_TARGET = 9.0;
				LD_RUNPATH_SEARCH_PATHS = "$(inherited) @executable_path/Frameworks";
				PRODUCT_BUNDLE_IDENTIFIER = com.xuanliu.tsssaver;
				PRODUCT_NAME = "$(TARGET_NAME)";
				PROVISIONING_PROFILE_SPECIFIER = "";
				SWIFT_OBJC_BRIDGING_HEADER = "$(SRCROOT)/src/TSSsaver-Bridging-Header.h";
				SWIFT_VERSION = 4.0;
				TARGETED_DEVICE_FAMILY = "1,2";
			};
			name = Release;
		};
		B61FC581206A4CCC00DC6681 /* Debug */ = {
			isa = XCBuildConfiguration;
			buildSettings = {
				ALWAYS_EMBED_SWIFT_STANDARD_LIBRARIES = YES;
				BUNDLE_LOADER = "$(TEST_HOST)";
				CODE_SIGN_STYLE = Automatic;
				DEVELOPMENT_TEAM = HSX93Q5QCS;
				INFOPLIST_FILE = tsssaverTests/Info.plist;
				LD_RUNPATH_SEARCH_PATHS = "$(inherited) @executable_path/Frameworks @loader_path/Frameworks";
				PRODUCT_BUNDLE_IDENTIFIER = com.xuanliu.tsssaverTests;
				PRODUCT_NAME = "$(TARGET_NAME)";
				SWIFT_VERSION = 4.0;
				TARGETED_DEVICE_FAMILY = "1,2";
				TEST_HOST = "$(BUILT_PRODUCTS_DIR)/tsssaver.app/tsssaver";
			};
			name = Debug;
		};
		B61FC582206A4CCC00DC6681 /* Release */ = {
			isa = XCBuildConfiguration;
			buildSettings = {
				ALWAYS_EMBED_SWIFT_STANDARD_LIBRARIES = YES;
				BUNDLE_LOADER = "$(TEST_HOST)";
				CODE_SIGN_STYLE = Automatic;
				DEVELOPMENT_TEAM = HSX93Q5QCS;
				INFOPLIST_FILE = tsssaverTests/Info.plist;
				LD_RUNPATH_SEARCH_PATHS = "$(inherited) @executable_path/Frameworks @loader_path/Frameworks";
				PRODUCT_BUNDLE_IDENTIFIER = com.xuanliu.tsssaverTests;
				PRODUCT_NAME = "$(TARGET_NAME)";
				SWIFT_VERSION = 4.0;
				TARGETED_DEVICE_FAMILY = "1,2";
				TEST_HOST = "$(BUILT_PRODUCTS_DIR)/tsssaver.app/tsssaver";
			};
			name = Release;
		};
/* End XCBuildConfiguration section */

/* Begin XCConfigurationList section */
		B61FC55B206A4CCB00DC6681 /* Build configuration list for PBXProject "tsssaver" */ = {
			isa = XCConfigurationList;
			buildConfigurations = (
				B61FC57B206A4CCC00DC6681 /* Debug */,
				B61FC57C206A4CCC00DC6681 /* Release */,
			);
			defaultConfigurationIsVisible = 0;
			defaultConfigurationName = Release;
		};
		B61FC57D206A4CCC00DC6681 /* Build configuration list for PBXNativeTarget "tsssaver" */ = {
			isa = XCConfigurationList;
			buildConfigurations = (
				B61FC57E206A4CCC00DC6681 /* Debug */,
				B61FC57F206A4CCC00DC6681 /* Release */,
			);
			defaultConfigurationIsVisible = 0;
			defaultConfigurationName = Release;
		};
		B61FC580206A4CCC00DC6681 /* Build configuration list for PBXNativeTarget "tsssaverTests" */ = {
			isa = XCConfigurationList;
			buildConfigurations = (
				B61FC581206A4CCC00DC6681 /* Debug */,
				B61FC582206A4CCC00DC6681 /* Release */,
			);
			defaultConfigurationIsVisible = 0;
			defaultConfigurationName = Release;
		};
/* End XCConfigurationList section */
	};
	rootObject = B61FC558206A4CCB00DC6681 /* Project object */;
}
